
Microsoft Visual Studio Solution File, Format Version 12.00
Project("{FAE04EC0-301F-11D3-BF4B-00C04F79EFBC}") = "iservicecollection.module.core", "iservicecollection.module.core\iservicecollection.module.core.csproj", "{B3406A57-019A-45B7-B500-4D2829D265BC}"
EndProject
Project("{FAE04EC0-301F-11D3-BF4B-00C04F79EFBC}") = "iservicecollection.module.tests", "iservicecollection.module.tests\iservicecollection.module.tests.csproj", "{FD5A88F3-1A7A-4EE6-A8B9-D7E169416EB1}"
EndProject
Global
	GlobalSection(SolutionConfigurationPlatforms) = preSolution
		Debug|Any CPU = Debug|Any CPU
		Release|Any CPU = Release|Any CPU
	EndGlobalSection
	GlobalSection(ProjectConfigurationPlatforms) = postSolution
		{B3406A57-019A-45B7-B500-4D2829D265BC}.Debug|Any CPU.ActiveCfg = Debug|Any CPU
		{B3406A57-019A-45B7-B500-4D2829D265BC}.Debug|Any CPU.Build.0 = Debug|Any CPU
		{B3406A57-019A-45B7-B500-4D2829D265BC}.Release|Any CPU.ActiveCfg = Release|Any CPU
		{B3406A57-019A-45B7-B500-4D2829D265BC}.Release|Any CPU.Build.0 = Release|Any CPU
		{FD5A88F3-1A7A-4EE6-A8B9-D7E169416EB1}.Debug|Any CPU.ActiveCfg = Debug|Any CPU
		{FD5A88F3-1A7A-4EE6-A8B9-D7E169416EB1}.Debug|Any CPU.Build.0 = Debug|Any CPU
		{FD5A88F3-1A7A-4EE6-A8B9-D7E169416EB1}.Release|Any CPU.ActiveCfg = Release|Any CPU
		{FD5A88F3-1A7A-4EE6-A8B9-D7E169416EB1}.Release|Any CPU.Build.0 = Release|Any CPU
	EndGlobalSection
EndGlobal
